
Microsoft Visual Studio Solution File, Format Version 12.00
# Visual Studio Version 16
VisualStudioVersion = 16.0.30611.23
MinimumVisualStudioVersion = 10.0.40219.1
Project("{9A19103F-16F7-4668-BE54-9A1E7A4F7556}") = "API", "API\API.csproj", "{4B663ABD-47CA-4214-AC44-077C2DFE9DE2}"
EndProject
Project("{9A19103F-16F7-4668-BE54-9A1E7A4F7556}") = "Data", "Data\Data.csproj", "{35C76614-FD0D-4937-A9CC-9C8247CE0049}"
EndProject
Project("{2150E333-8FDC-42A3-9474-1A3956D46DE8}") = "Endpoints", "Endpoints", "{EA7ECF32-2634-451B-97D8-8D28D54A629E}"
EndProject
Project("{9A19103F-16F7-4668-BE54-9A1E7A4F7556}") = "EndPointLibs", "Endpoints\Libs\EndPointLibs.csproj", "{6574D65A-B3B5-45C1-BD73-C2BC9C96A1AA}"
EndProject
Project("{9A19103F-16F7-4668-BE54-9A1E7A4F7556}") = "Libs", "Libs\Libs.csproj", "{C28EB336-03E3-4D1F-92EE-3DF1F0AB9737}"
EndProject
Project("{FAE04EC0-301F-11D3-BF4B-00C04F79EFBC}") = "HttpRequest", "Endpoints\HttpRequest\HttpRequest.csproj", "{59D3E32D-41C9-476C-BAE4-39D3A1AD6C13}"
EndProject
Global
	GlobalSection(SolutionConfigurationPlatforms) = preSolution
		Debug|Any CPU = Debug|Any CPU
		Release|Any CPU = Release|Any CPU
	EndGlobalSection
	GlobalSection(ProjectConfigurationPlatforms) = postSolution
		{4B663ABD-47CA-4214-AC44-077C2DFE9DE2}.Debug|Any CPU.ActiveCfg = Debug|Any CPU
		{4B663ABD-47CA-4214-AC44-077C2DFE9DE2}.Debug|Any CPU.Build.0 = Debug|Any CPU
		{4B663ABD-47CA-4214-AC44-077C2DFE9DE2}.Release|Any CPU.ActiveCfg = Release|Any CPU
		{4B663ABD-47CA-4214-AC44-077C2DFE9DE2}.Release|Any CPU.Build.0 = Release|Any CPU
		{35C76614-FD0D-4937-A9CC-9C8247CE0049}.Debug|Any CPU.ActiveCfg = Debug|Any CPU
		{35C76614-FD0D-4937-A9CC-9C8247CE0049}.Debug|Any CPU.Build.0 = Debug|Any CPU
		{35C76614-FD0D-4937-A9CC-9C8247CE0049}.Release|Any CPU.ActiveCfg = Release|Any CPU
		{35C76614-FD0D-4937-A9CC-9C8247CE0049}.Release|Any CPU.Build.0 = Release|Any CPU
		{6574D65A-B3B5-45C1-BD73-C2BC9C96A1AA}.Debug|Any CPU.ActiveCfg = Debug|Any CPU
		{6574D65A-B3B5-45C1-BD73-C2BC9C96A1AA}.Debug|Any CPU.Build.0 = Debug|Any CPU
		{6574D65A-B3B5-45C1-BD73-C2BC9C96A1AA}.Release|Any CPU.ActiveCfg = Release|Any CPU
		{6574D65A-B3B5-45C1-BD73-C2BC9C96A1AA}.Release|Any CPU.Build.0 = Release|Any CPU
		{C28EB336-03E3-4D1F-92EE-3DF1F0AB9737}.Debug|Any CPU.ActiveCfg = Debug|Any CPU
		{C28EB336-03E3-4D1F-92EE-3DF1F0AB9737}.Debug|Any CPU.Build.0 = Debug|Any CPU
		{C28EB336-03E3-4D1F-92EE-3DF1F0AB9737}.Release|Any CPU.ActiveCfg = Release|Any CPU
		{C28EB336-03E3-4D1F-92EE-3DF1F0AB9737}.Release|Any CPU.Build.0 = Release|Any CPU
		{59D3E32D-41C9-476C-BAE4-39D3A1AD6C13}.Debug|Any CPU.ActiveCfg = Debug|Any CPU
		{59D3E32D-41C9-476C-BAE4-39D3A1AD6C13}.Debug|Any CPU.Build.0 = Debug|Any CPU
		{59D3E32D-41C9-476C-BAE4-39D3A1AD6C13}.Release|Any CPU.ActiveCfg = Release|Any CPU
		{59D3E32D-41C9-476C-BAE4-39D3A1AD6C13}.Release|Any CPU.Build.0 = Release|Any CPU
	EndGlobalSection
	GlobalSection(SolutionProperties) = preSolution
		HideSolutionNode = FALSE
	EndGlobalSection
	GlobalSection(NestedProjects) = preSolution
		{6574D65A-B3B5-45C1-BD73-C2BC9C96A1AA} = {EA7ECF32-2634-451B-97D8-8D28D54A629E}
		{59D3E32D-41C9-476C-BAE4-39D3A1AD6C13} = {EA7ECF32-2634-451B-97D8-8D28D54A629E}
	EndGlobalSection
	GlobalSection(ExtensibilityGlobals) = postSolution
		SolutionGuid = {84B423AD-4213-4D27-82C1-06B09F031A41}
	EndGlobalSection
EndGlobal
