
Microsoft Visual Studio Solution File, Format Version 12.00
# Visual Studio Version 16
VisualStudioVersion = 16.0.30611.23
MinimumVisualStudioVersion = 10.0.40219.1
Project("{9A19103F-16F7-4668-BE54-9A1E7A4F7556}") = "API", "API\API.csproj", "{4B663ABD-47CA-4214-AC44-077C2DFE9DE2}"
EndProject
Project("{9A19103F-16F7-4668-BE54-9A1E7A4F7556}") = "Data", "Data\Data.csproj", "{35C76614-FD0D-4937-A9CC-9C8247CE0049}"
EndProject
Project("{FAE04EC0-301F-11D3-BF4B-00C04F79EFBC}") = "Tests", "Tests\Tests.csproj", "{546E6305-7327-4F56-B922-47B5714B1E4C}"
EndProject
Global
	GlobalSection(SolutionConfigurationPlatforms) = preSolution
		Debug|Any CPU = Debug|Any CPU
		Release|Any CPU = Release|Any CPU
	EndGlobalSection
	GlobalSection(ProjectConfigurationPlatforms) = postSolution
		{4B663ABD-47CA-4214-AC44-077C2DFE9DE2}.Debug|Any CPU.ActiveCfg = Debug|Any CPU
		{4B663ABD-47CA-4214-AC44-077C2DFE9DE2}.Debug|Any CPU.Build.0 = Debug|Any CPU
		{4B663ABD-47CA-4214-AC44-077C2DFE9DE2}.Release|Any CPU.ActiveCfg = Release|Any CPU
		{4B663ABD-47CA-4214-AC44-077C2DFE9DE2}.Release|Any CPU.Build.0 = Release|Any CPU
		{35C76614-FD0D-4937-A9CC-9C8247CE0049}.Debug|Any CPU.ActiveCfg = Debug|Any CPU
		{35C76614-FD0D-4937-A9CC-9C8247CE0049}.Debug|Any CPU.Build.0 = Debug|Any CPU
		{35C76614-FD0D-4937-A9CC-9C8247CE0049}.Release|Any CPU.ActiveCfg = Release|Any CPU
		{35C76614-FD0D-4937-A9CC-9C8247CE0049}.Release|Any CPU.Build.0 = Release|Any CPU
		{546E6305-7327-4F56-B922-47B5714B1E4C}.Debug|Any CPU.ActiveCfg = Debug|Any CPU
		{546E6305-7327-4F56-B922-47B5714B1E4C}.Debug|Any CPU.Build.0 = Debug|Any CPU
		{546E6305-7327-4F56-B922-47B5714B1E4C}.Release|Any CPU.ActiveCfg = Release|Any CPU
		{546E6305-7327-4F56-B922-47B5714B1E4C}.Release|Any CPU.Build.0 = Release|Any CPU
	EndGlobalSection
	GlobalSection(SolutionProperties) = preSolution
		HideSolutionNode = FALSE
	EndGlobalSection
	GlobalSection(ExtensibilityGlobals) = postSolution
		SolutionGuid = {84B423AD-4213-4D27-82C1-06B09F031A41}
	EndGlobalSection
EndGlobal
